
Microsoft Visual Studio Solution File, Format Version 12.00
# Visual Studio Version 17
VisualStudioVersion = 17.14.36408.4
MinimumVisualStudioVersion = 10.0.40219.1
Project("{FAE04EC0-301F-11D3-BF4B-00C04F79EFBC}") = "DOTNET_RealState.API", "DOTNET_RealState.API\DOTNET_RealState.API.csproj", "{0E42363B-F019-4C5C-A2B1-55DAD49B9E88}"
EndProject
Project("{FAE04EC0-301F-11D3-BF4B-00C04F79EFBC}") = "DOTNET_RealState.Dominio", "DOTNET_RealState.Dominio\DOTNET_RealState.Dominio.csproj", "{8F750FEA-9BF8-4905-8268-4D6F53B405BE}"
EndProject
Project("{FAE04EC0-301F-11D3-BF4B-00C04F79EFBC}") = "DOTNET_RealState.Infraestructura", "DOTNET_RealState.Infraestructura\DOTNET_RealState.Infraestructura.csproj", "{D987A799-427E-4BAE-AA02-25FD725A2235}"
EndProject
Project("{FAE04EC0-301F-11D3-BF4B-00C04F79EFBC}") = "DOTNET_RealState.Aplicacion", "DOTNET_RealState.Aplicacion\DOTNET_RealState.Aplicacion.csproj", "{B414455B-5EB3-4EA0-93DD-8638979D387B}"
EndProject
Project("{FAE04EC0-301F-11D3-BF4B-00C04F79EFBC}") = "DOTNET_RealState.Pruebas", "DOTNET_RealState.Pruebas\DOTNET_RealState.Pruebas.csproj", "{8AF705A8-DF6F-4DB1-89E5-0143A450DEA2}"
EndProject
Global
	GlobalSection(SolutionConfigurationPlatforms) = preSolution
		Debug|Any CPU = Debug|Any CPU
		Release|Any CPU = Release|Any CPU
	EndGlobalSection
	GlobalSection(ProjectConfigurationPlatforms) = postSolution
		{0E42363B-F019-4C5C-A2B1-55DAD49B9E88}.Debug|Any CPU.ActiveCfg = Debug|Any CPU
		{0E42363B-F019-4C5C-A2B1-55DAD49B9E88}.Debug|Any CPU.Build.0 = Debug|Any CPU
		{0E42363B-F019-4C5C-A2B1-55DAD49B9E88}.Release|Any CPU.ActiveCfg = Release|Any CPU
		{0E42363B-F019-4C5C-A2B1-55DAD49B9E88}.Release|Any CPU.Build.0 = Release|Any CPU
		{8F750FEA-9BF8-4905-8268-4D6F53B405BE}.Debug|Any CPU.ActiveCfg = Debug|Any CPU
		{8F750FEA-9BF8-4905-8268-4D6F53B405BE}.Debug|Any CPU.Build.0 = Debug|Any CPU
		{8F750FEA-9BF8-4905-8268-4D6F53B405BE}.Release|Any CPU.ActiveCfg = Release|Any CPU
		{8F750FEA-9BF8-4905-8268-4D6F53B405BE}.Release|Any CPU.Build.0 = Release|Any CPU
		{D987A799-427E-4BAE-AA02-25FD725A2235}.Debug|Any CPU.ActiveCfg = Debug|Any CPU
		{D987A799-427E-4BAE-AA02-25FD725A2235}.Debug|Any CPU.Build.0 = Debug|Any CPU
		{D987A799-427E-4BAE-AA02-25FD725A2235}.Release|Any CPU.ActiveCfg = Release|Any CPU
		{D987A799-427E-4BAE-AA02-25FD725A2235}.Release|Any CPU.Build.0 = Release|Any CPU
		{B414455B-5EB3-4EA0-93DD-8638979D387B}.Debug|Any CPU.ActiveCfg = Debug|Any CPU
		{B414455B-5EB3-4EA0-93DD-8638979D387B}.Debug|Any CPU.Build.0 = Debug|Any CPU
		{B414455B-5EB3-4EA0-93DD-8638979D387B}.Release|Any CPU.ActiveCfg = Release|Any CPU
		{B414455B-5EB3-4EA0-93DD-8638979D387B}.Release|Any CPU.Build.0 = Release|Any CPU
		{8AF705A8-DF6F-4DB1-89E5-0143A450DEA2}.Debug|Any CPU.ActiveCfg = Debug|Any CPU
		{8AF705A8-DF6F-4DB1-89E5-0143A450DEA2}.Debug|Any CPU.Build.0 = Debug|Any CPU
		{8AF705A8-DF6F-4DB1-89E5-0143A450DEA2}.Release|Any CPU.ActiveCfg = Release|Any CPU
		{8AF705A8-DF6F-4DB1-89E5-0143A450DEA2}.Release|Any CPU.Build.0 = Release|Any CPU
	EndGlobalSection
	GlobalSection(SolutionProperties) = preSolution
		HideSolutionNode = FALSE
	EndGlobalSection
	GlobalSection(ExtensibilityGlobals) = postSolution
		SolutionGuid = {68B9249C-EBE4-4FA9-A765-5F8BD751AE0D}
	EndGlobalSection
EndGlobal
